
Microsoft Visual Studio Solution File, Format Version 12.00
# Visual Studio 15
Project("{FAE04EC0-301F-11D3-BF4B-00C04F79EFBC}") = "Assembly-CSharp", "Assembly-CSharp.csproj", "{63932229-7F7D-FAF8-3163-90F7E34E5934}"
EndProject
Project("{FAE04EC0-301F-11D3-BF4B-00C04F79EFBC}") = "Assembly-CSharp", "Assembly-CSharp.Player.csproj", "{360DB579-8A37-8972-B09F-D0EA76B3CDC2}"
EndProject
Global
	GlobalSection(SolutionConfigurationPlatforms) = preSolution
		Debug|Any CPU = Debug|Any CPU
		Release|Any CPU = Release|Any CPU
	EndGlobalSection
	GlobalSection(ProjectConfigurationPlatforms) = postSolution
		{63932229-7F7D-FAF8-3163-90F7E34E5934}.Debug|Any CPU.ActiveCfg = Debug|Any CPU
		{63932229-7F7D-FAF8-3163-90F7E34E5934}.Debug|Any CPU.Build.0 = Debug|Any CPU
		{63932229-7F7D-FAF8-3163-90F7E34E5934}.Release|Any CPU.ActiveCfg = Release|Any CPU
		{63932229-7F7D-FAF8-3163-90F7E34E5934}.Release|Any CPU.Build.0 = Release|Any CPU
		{360DB579-8A37-8972-B09F-D0EA76B3CDC2}.Debug|Any CPU.ActiveCfg = Debug|Any CPU
		{360DB579-8A37-8972-B09F-D0EA76B3CDC2}.Debug|Any CPU.Build.0 = Debug|Any CPU
		{360DB579-8A37-8972-B09F-D0EA76B3CDC2}.Release|Any CPU.ActiveCfg = Release|Any CPU
		{360DB579-8A37-8972-B09F-D0EA76B3CDC2}.Release|Any CPU.Build.0 = Release|Any CPU
	EndGlobalSection
	GlobalSection(SolutionProperties) = preSolution
		HideSolutionNode = FALSE
	EndGlobalSection
EndGlobal
